{
  "version": 4,
  "terraform_version": "1.0.11",
  "serial": 11,
  "lineage": "51a450c2-76af-e676-9fab-01ac5082590f",
  "outputs": {},
  "resources": [
    {
      "mode": "data",
      "type": "vsphere_datacenter",
      "name": "dc",
      "provider": "provider[\"registry.terraform.io/hashicorp/vsphere\"]",
      "instances": [
        {
          "schema_version": 0,
          "attributes": {
            "id": "datacenter-3553",
            "name": "ISC"
          },
          "sensitive_attributes": []
        }
      ]
    },
    {
      "mode": "data",
      "type": "vsphere_datastore",
      "name": "datastore",
      "provider": "provider[\"registry.terraform.io/hashicorp/vsphere\"]",
      "instances": [
        {
          "schema_version": 0,
          "attributes": {
            "datacenter_id": "datacenter-3553",
            "id": "datastore-3588",
            "name": "DS01"
          },
          "sensitive_attributes": []
        }
      ]
    },
    {
      "mode": "data",
      "type": "vsphere_network",
      "name": "network",
      "provider": "provider[\"registry.terraform.io/hashicorp/vsphere\"]",
      "instances": [
        {
          "schema_version": 0,
          "attributes": {
            "datacenter_id": "datacenter-3553",
            "distributed_virtual_switch_uuid": null,
            "id": "network-3589",
            "name": "VM Network",
            "type": "Network"
          },
          "sensitive_attributes": []
        }
      ]
    },
    {
      "mode": "data",
      "type": "vsphere_resource_pool",
      "name": "pool",
      "provider": "provider[\"registry.terraform.io/hashicorp/vsphere\"]",
      "instances": [
        {
          "schema_version": 0,
          "attributes": {
            "datacenter_id": "datacenter-3553",
            "id": "resgroup-3586",
            "name": "Resourcetest"
          },
          "sensitive_attributes": []
        }
      ]
    },
    {
      "mode": "data",
      "type": "vsphere_virtual_machine",
      "name": "template",
      "provider": "provider[\"registry.terraform.io/hashicorp/vsphere\"]",
      "instances": [
        {
          "schema_version": 0,
          "attributes": {
            "alternate_guest_name": "",
            "annotation": "",
            "boot_delay": 0,
            "boot_retry_delay": 10000,
            "boot_retry_enabled": false,
            "change_version": "2022-01-11T14:15:31.40863Z",
            "cpu_hot_add_enabled": false,
            "cpu_hot_remove_enabled": false,
            "cpu_limit": -1,
            "cpu_performance_counters_enabled": false,
            "cpu_reservation": 0,
            "cpu_share_count": 4000,
            "cpu_share_level": "normal",
            "datacenter_id": "datacenter-3553",
            "disks": [
              {
                "eagerly_scrub": false,
                "label": "Hard disk 1",
                "size": 100,
                "thin_provisioned": false,
                "unit_number": 0
              }
            ],
            "efi_secure_boot_enabled": true,
            "enable_disk_uuid": true,
            "enable_logging": true,
            "ept_rvi_mode": "automatic",
            "extra_config": {},
            "firmware": "efi",
            "guest_id": "windows9Server64Guest",
            "guest_ip_addresses": [],
            "hardware_version": 14,
            "hv_mode": "hvAuto",
            "id": "4218c53a-253d-e60b-ee11-69b1b7f4b342",
            "ide_controller_scan_count": 2,
            "latency_sensitivity": "normal",
            "memory": 12288,
            "memory_hot_add_enabled": false,
            "memory_limit": -1,
            "memory_reservation": 0,
            "memory_share_count": 122880,
            "memory_share_level": "normal",
            "name": "Terraformtemp1",
            "nested_hv_enabled": true,
            "network_interface_types": [
              "e1000e"
            ],
            "network_interfaces": [
              {
                "adapter_type": "e1000e",
                "bandwidth_limit": -1,
                "bandwidth_reservation": 0,
                "bandwidth_share_count": 50,
                "bandwidth_share_level": "normal",
                "mac_address": "00:50:56:98:e7:32",
                "network_id": "network-3589"
              }
            ],
            "num_cores_per_socket": 2,
            "num_cpus": 4,
            "replace_trigger": null,
            "run_tools_scripts_after_power_on": true,
            "run_tools_scripts_after_resume": true,
            "run_tools_scripts_before_guest_reboot": false,
            "run_tools_scripts_before_guest_shutdown": true,
            "run_tools_scripts_before_guest_standby": true,
            "sata_controller_scan_count": 0,
            "scsi_bus_sharing": "noSharing",
            "scsi_controller_scan_count": 1,
            "scsi_type": "lsilogic-sas",
            "storage_policy_id": null,
            "swap_placement_policy": "inherit",
            "sync_time_with_host": false,
            "sync_time_with_host_periodically": null,
            "uuid": "4218c53a-253d-e60b-ee11-69b1b7f4b342",
            "vapp": null,
            "vapp_transport": [],
            "vbs_enabled": true,
            "vvtd_enabled": true
          },
          "sensitive_attributes": []
        }
      ]
    },
    {
      "mode": "managed",
      "type": "vsphere_virtual_machine",
      "name": "vm2",
      "provider": "provider[\"registry.terraform.io/hashicorp/vsphere\"]",
      "instances": [
        {
          "index_key": 0,
          "status": "tainted",
          "schema_version": 3,
          "attributes": {
            "alternate_guest_name": null,
            "annotation": null,
            "boot_delay": null,
            "boot_retry_delay": 10000,
            "boot_retry_enabled": null,
            "cdrom": [],
            "change_version": null,
            "clone": [
              {
                "customize": [
                  {
                    "dns_server_list": null,
                    "dns_suffix_list": null,
                    "ipv4_gateway": "",
                    "ipv6_gateway": "",
                    "linux_options": [],
                    "network_interface": [
                      {
                        "dns_domain": "",
                        "dns_server_list": null,
                        "ipv4_address": "",
                        "ipv4_netmask": 24,
                        "ipv6_address": "",
                        "ipv6_netmask": 0
                      }
                    ],
                    "timeout": 10,
                    "windows_options": [
                      {
                        "admin_password": "12345",
                        "auto_logon": false,
                        "auto_logon_count": 1,
                        "computer_name": "Terra1-1",
                        "domain_admin_password": "",
                        "domain_admin_user": "",
                        "full_name": "Administrator",
                        "join_domain": "",
                        "organization_name": "Managed by Terraform",
                        "product_key": "",
                        "run_once_command_list": null,
                        "time_zone": 85,
                        "workgroup": ""
                      }
                    ],
                    "windows_sysprep_text": ""
                  }
                ],
                "linked_clone": false,
                "ovf_network_map": null,
                "ovf_storage_map": null,
                "template_uuid": "4218c53a-253d-e60b-ee11-69b1b7f4b342",
                "timeout": 30
              }
            ],
            "cpu_hot_add_enabled": null,
            "cpu_hot_remove_enabled": null,
            "cpu_limit": -1,
            "cpu_performance_counters_enabled": null,
            "cpu_reservation": null,
            "cpu_share_count": null,
            "cpu_share_level": "normal",
            "custom_attributes": null,
            "datacenter_id": null,
            "datastore_cluster_id": null,
            "datastore_id": "datastore-3588",
            "default_ip_address": null,
            "disk": [
              {
                "attach": false,
                "controller_type": "scsi",
                "datastore_id": "datastore-3588",
                "device_address": "scsi:0:0",
                "disk_mode": "persistent",
                "disk_sharing": "sharingNone",
                "eagerly_scrub": false,
                "io_limit": -1,
                "io_reservation": 0,
                "io_share_count": 1000,
                "io_share_level": "normal",
                "keep_on_remove": false,
                "key": 2000,
                "label": "Terra1.vmdk",
                "path": "Terra1-1/Terra1-1.vmdk",
                "size": 100,
                "storage_policy_id": "",
                "thin_provisioned": false,
                "unit_number": 0,
                "uuid": "6000C290-1e77-aa0f-d7e4-9150b313b08f",
                "write_through": false
              }
            ],
            "efi_secure_boot_enabled": null,
            "enable_disk_uuid": null,
            "enable_logging": null,
            "ept_rvi_mode": "automatic",
            "extra_config": null,
            "firmware": "efi",
            "folder": null,
            "force_power_off": true,
            "guest_id": "windows9Server64Guest",
            "guest_ip_addresses": null,
            "hardware_version": null,
            "host_system_id": null,
            "hv_mode": "hvAuto",
            "id": "4218dcb2-85ff-9dc5-f3fc-a366f61819fe",
            "ide_controller_count": 2,
            "ignored_guest_ips": null,
            "imported": null,
            "latency_sensitivity": "normal",
            "memory": 4096,
            "memory_hot_add_enabled": null,
            "memory_limit": -1,
            "memory_reservation": null,
            "memory_share_count": null,
            "memory_share_level": "normal",
            "migrate_wait_timeout": 30,
            "moid": null,
            "name": "Terra1-1",
            "nested_hv_enabled": null,
            "network_interface": [
              {
                "adapter_type": "e1000",
                "bandwidth_limit": -1,
                "bandwidth_reservation": 0,
                "bandwidth_share_count": 0,
                "bandwidth_share_level": "normal",
                "device_address": "pci:0:7",
                "key": 4000,
                "mac_address": "",
                "network_id": "network-3589",
                "ovf_mapping": "",
                "use_static_mac": false
              }
            ],
            "num_cores_per_socket": 1,
            "num_cpus": 4,
            "ovf_deploy": [],
            "pci_device_id": null,
            "poweron_timeout": 300,
            "reboot_required": true,
            "replace_trigger": null,
            "resource_pool_id": "resgroup-3586",
            "run_tools_scripts_after_power_on": true,
            "run_tools_scripts_after_resume": true,
            "run_tools_scripts_before_guest_reboot": null,
            "run_tools_scripts_before_guest_shutdown": true,
            "run_tools_scripts_before_guest_standby": true,
            "sata_controller_count": 0,
            "scsi_bus_sharing": "noSharing",
            "scsi_controller_count": 1,
            "scsi_type": "lsilogic-sas",
            "shutdown_wait_timeout": 3,
            "storage_policy_id": null,
            "swap_placement_policy": "inherit",
            "sync_time_with_host": null,
            "sync_time_with_host_periodically": null,
            "tags": null,
            "uuid": null,
            "vapp": [],
            "vapp_transport": null,
            "vbs_enabled": null,
            "vmware_tools_status": null,
            "vmx_path": null,
            "vvtd_enabled": null,
            "wait_for_guest_ip_timeout": 0,
            "wait_for_guest_net_routable": true,
            "wait_for_guest_net_timeout": 5
          },
          "sensitive_attributes": [],
          "private": "eyJzY2hlbWFfdmVyc2lvbiI6IjMifQ==",
          "dependencies": [
            "data.vsphere_datastore.datastore",
            "data.vsphere_network.network",
            "data.vsphere_resource_pool.pool",
            "data.vsphere_virtual_machine.template"
          ]
        },
        {
          "index_key": 1,
          "status": "tainted",
          "schema_version": 3,
          "attributes": {
            "alternate_guest_name": "",
            "annotation": "",
            "boot_delay": 0,
            "boot_retry_delay": 10000,
            "boot_retry_enabled": false,
            "cdrom": [],
            "change_version": "2022-01-19T17:44:38.080368Z",
            "clone": [
              {
                "customize": [
                  {
                    "dns_server_list": null,
                    "dns_suffix_list": null,
                    "ipv4_gateway": "",
                    "ipv6_gateway": "",
                    "linux_options": [],
                    "network_interface": [
                      {
                        "dns_domain": "",
                        "dns_server_list": null,
                        "ipv4_address": "",
                        "ipv4_netmask": 24,
                        "ipv6_address": "",
                        "ipv6_netmask": 0
                      }
                    ],
                    "timeout": 10,
                    "windows_options": [
                      {
                        "admin_password": "12345",
                        "auto_logon": false,
                        "auto_logon_count": 1,
                        "computer_name": "Terra1-2",
                        "domain_admin_password": "",
                        "domain_admin_user": "",
                        "full_name": "Administrator",
                        "join_domain": "",
                        "organization_name": "Managed by Terraform",
                        "product_key": "",
                        "run_once_command_list": null,
                        "time_zone": 85,
                        "workgroup": ""
                      }
                    ],
                    "windows_sysprep_text": ""
                  }
                ],
                "linked_clone": false,
                "ovf_network_map": null,
                "ovf_storage_map": null,
                "template_uuid": "4218c53a-253d-e60b-ee11-69b1b7f4b342",
                "timeout": 30
              }
            ],
            "cpu_hot_add_enabled": false,
            "cpu_hot_remove_enabled": false,
            "cpu_limit": -1,
            "cpu_performance_counters_enabled": false,
            "cpu_reservation": 0,
            "cpu_share_count": 4000,
            "cpu_share_level": "normal",
            "custom_attributes": null,
            "datacenter_id": null,
            "datastore_cluster_id": null,
            "datastore_id": "datastore-3588",
            "default_ip_address": null,
            "disk": [
              {
                "attach": false,
                "controller_type": "scsi",
                "datastore_id": "datastore-3588",
                "device_address": "scsi:0:0",
                "disk_mode": "persistent",
                "disk_sharing": "sharingNone",
                "eagerly_scrub": false,
                "io_limit": -1,
                "io_reservation": 0,
                "io_share_count": 1000,
                "io_share_level": "normal",
                "keep_on_remove": false,
                "key": 2000,
                "label": "Terra1.vmdk",
                "path": "Terra1-2/Terra1-2.vmdk",
                "size": 100,
                "storage_policy_id": "",
                "thin_provisioned": false,
                "unit_number": 0,
                "uuid": "6000C299-d2e4-7709-f526-69a7c6fe65ce",
                "write_through": false
              }
            ],
            "efi_secure_boot_enabled": false,
            "enable_disk_uuid": false,
            "enable_logging": false,
            "ept_rvi_mode": "automatic",
            "extra_config": null,
            "firmware": "efi",
            "folder": "",
            "force_power_off": true,
            "guest_id": "windows9Server64Guest",
            "guest_ip_addresses": null,
            "hardware_version": 14,
            "host_system_id": "host-3585",
            "hv_mode": "hvAuto",
            "id": "42186cc0-b040-1725-c48d-ec2651921485",
            "ide_controller_count": 2,
            "ignored_guest_ips": null,
            "imported": null,
            "latency_sensitivity": "normal",
            "memory": 4096,
            "memory_hot_add_enabled": false,
            "memory_limit": -1,
            "memory_reservation": 0,
            "memory_share_count": 40960,
            "memory_share_level": "normal",
            "migrate_wait_timeout": 30,
            "moid": "vm-3950",
            "name": "Terra1-2",
            "nested_hv_enabled": false,
            "network_interface": [
              {
                "adapter_type": "e1000",
                "bandwidth_limit": -1,
                "bandwidth_reservation": 0,
                "bandwidth_share_count": 50,
                "bandwidth_share_level": "normal",
                "device_address": "pci:0:7",
                "key": 4000,
                "mac_address": "00:50:56:98:95:e8",
                "network_id": "network-3589",
                "ovf_mapping": "",
                "use_static_mac": false
              }
            ],
            "num_cores_per_socket": 1,
            "num_cpus": 4,
            "ovf_deploy": [],
            "pci_device_id": null,
            "poweron_timeout": 300,
            "reboot_required": false,
            "replace_trigger": null,
            "resource_pool_id": "resgroup-3586",
            "run_tools_scripts_after_power_on": true,
            "run_tools_scripts_after_resume": true,
            "run_tools_scripts_before_guest_reboot": false,
            "run_tools_scripts_before_guest_shutdown": true,
            "run_tools_scripts_before_guest_standby": true,
            "sata_controller_count": 0,
            "scsi_bus_sharing": "noSharing",
            "scsi_controller_count": 1,
            "scsi_type": "lsilogic-sas",
            "shutdown_wait_timeout": 3,
            "storage_policy_id": "",
            "swap_placement_policy": "inherit",
            "sync_time_with_host": false,
            "sync_time_with_host_periodically": null,
            "tags": null,
            "uuid": "42186cc0-b040-1725-c48d-ec2651921485",
            "vapp": [],
            "vapp_transport": [],
            "vbs_enabled": false,
            "vmware_tools_status": "guestToolsRunning",
            "vmx_path": "Terra1-2/Terra1-2.vmx",
            "vvtd_enabled": false,
            "wait_for_guest_ip_timeout": 0,
            "wait_for_guest_net_routable": true,
            "wait_for_guest_net_timeout": 5
          },
          "sensitive_attributes": [],
          "private": "eyJzY2hlbWFfdmVyc2lvbiI6IjMifQ==",
          "dependencies": [
            "data.vsphere_datastore.datastore",
            "data.vsphere_network.network",
            "data.vsphere_resource_pool.pool",
            "data.vsphere_virtual_machine.template"
          ]
        },
        {
          "index_key": 2,
          "status": "tainted",
          "schema_version": 3,
          "attributes": {
            "alternate_guest_name": "",
            "annotation": "",
            "boot_delay": 0,
            "boot_retry_delay": 10000,
            "boot_retry_enabled": false,
            "cdrom": [],
            "change_version": "2022-01-19T17:44:48.837931Z",
            "clone": [
              {
                "customize": [
                  {
                    "dns_server_list": null,
                    "dns_suffix_list": null,
                    "ipv4_gateway": "",
                    "ipv6_gateway": "",
                    "linux_options": [],
                    "network_interface": [
                      {
                        "dns_domain": "",
                        "dns_server_list": null,
                        "ipv4_address": "",
                        "ipv4_netmask": 24,
                        "ipv6_address": "",
                        "ipv6_netmask": 0
                      }
                    ],
                    "timeout": 10,
                    "windows_options": [
                      {
                        "admin_password": "12345",
                        "auto_logon": false,
                        "auto_logon_count": 1,
                        "computer_name": "Terra1-3",
                        "domain_admin_password": "",
                        "domain_admin_user": "",
                        "full_name": "Administrator",
                        "join_domain": "",
                        "organization_name": "Managed by Terraform",
                        "product_key": "",
                        "run_once_command_list": null,
                        "time_zone": 85,
                        "workgroup": ""
                      }
                    ],
                    "windows_sysprep_text": ""
                  }
                ],
                "linked_clone": false,
                "ovf_network_map": null,
                "ovf_storage_map": null,
                "template_uuid": "4218c53a-253d-e60b-ee11-69b1b7f4b342",
                "timeout": 30
              }
            ],
            "cpu_hot_add_enabled": false,
            "cpu_hot_remove_enabled": false,
            "cpu_limit": -1,
            "cpu_performance_counters_enabled": false,
            "cpu_reservation": 0,
            "cpu_share_count": 4000,
            "cpu_share_level": "normal",
            "custom_attributes": null,
            "datacenter_id": null,
            "datastore_cluster_id": null,
            "datastore_id": "datastore-3588",
            "default_ip_address": null,
            "disk": [
              {
                "attach": false,
                "controller_type": "scsi",
                "datastore_id": "datastore-3588",
                "device_address": "scsi:0:0",
                "disk_mode": "persistent",
                "disk_sharing": "sharingNone",
                "eagerly_scrub": false,
                "io_limit": -1,
                "io_reservation": 0,
                "io_share_count": 1000,
                "io_share_level": "normal",
                "keep_on_remove": false,
                "key": 2000,
                "label": "Terra1.vmdk",
                "path": "Terra1-3/Terra1-3.vmdk",
                "size": 100,
                "storage_policy_id": "",
                "thin_provisioned": false,
                "unit_number": 0,
                "uuid": "6000C292-60d5-b38a-c970-b329286799d4",
                "write_through": false
              }
            ],
            "efi_secure_boot_enabled": false,
            "enable_disk_uuid": false,
            "enable_logging": false,
            "ept_rvi_mode": "automatic",
            "extra_config": null,
            "firmware": "efi",
            "folder": "",
            "force_power_off": true,
            "guest_id": "windows9Server64Guest",
            "guest_ip_addresses": null,
            "hardware_version": 14,
            "host_system_id": "host-3585",
            "hv_mode": "hvAuto",
            "id": "42188549-83f3-dcba-b710-d857a7ec3aeb",
            "ide_controller_count": 2,
            "ignored_guest_ips": null,
            "imported": null,
            "latency_sensitivity": "normal",
            "memory": 4096,
            "memory_hot_add_enabled": false,
            "memory_limit": -1,
            "memory_reservation": 0,
            "memory_share_count": 40960,
            "memory_share_level": "normal",
            "migrate_wait_timeout": 30,
            "moid": "vm-3949",
            "name": "Terra1-3",
            "nested_hv_enabled": false,
            "network_interface": [
              {
                "adapter_type": "e1000",
                "bandwidth_limit": -1,
                "bandwidth_reservation": 0,
                "bandwidth_share_count": 50,
                "bandwidth_share_level": "normal",
                "device_address": "pci:0:7",
                "key": 4000,
                "mac_address": "00:50:56:98:0e:f4",
                "network_id": "network-3589",
                "ovf_mapping": "",
                "use_static_mac": false
              }
            ],
            "num_cores_per_socket": 1,
            "num_cpus": 4,
            "ovf_deploy": [],
            "pci_device_id": null,
            "poweron_timeout": 300,
            "reboot_required": false,
            "replace_trigger": null,
            "resource_pool_id": "resgroup-3586",
            "run_tools_scripts_after_power_on": true,
            "run_tools_scripts_after_resume": true,
            "run_tools_scripts_before_guest_reboot": false,
            "run_tools_scripts_before_guest_shutdown": true,
            "run_tools_scripts_before_guest_standby": true,
            "sata_controller_count": 0,
            "scsi_bus_sharing": "noSharing",
            "scsi_controller_count": 1,
            "scsi_type": "lsilogic-sas",
            "shutdown_wait_timeout": 3,
            "storage_policy_id": "",
            "swap_placement_policy": "inherit",
            "sync_time_with_host": false,
            "sync_time_with_host_periodically": null,
            "tags": null,
            "uuid": "42188549-83f3-dcba-b710-d857a7ec3aeb",
            "vapp": [],
            "vapp_transport": [],
            "vbs_enabled": false,
            "vmware_tools_status": "guestToolsRunning",
            "vmx_path": "Terra1-3/Terra1-3.vmx",
            "vvtd_enabled": false,
            "wait_for_guest_ip_timeout": 0,
            "wait_for_guest_net_routable": true,
            "wait_for_guest_net_timeout": 5
          },
          "sensitive_attributes": [],
          "private": "eyJzY2hlbWFfdmVyc2lvbiI6IjMifQ==",
          "dependencies": [
            "data.vsphere_datastore.datastore",
            "data.vsphere_network.network",
            "data.vsphere_resource_pool.pool",
            "data.vsphere_virtual_machine.template"
          ]
        },
        {
          "index_key": 3,
          "status": "tainted",
          "schema_version": 3,
          "attributes": {
            "alternate_guest_name": null,
            "annotation": null,
            "boot_delay": null,
            "boot_retry_delay": 10000,
            "boot_retry_enabled": null,
            "cdrom": [],
            "change_version": null,
            "clone": [
              {
                "customize": [
                  {
                    "dns_server_list": null,
                    "dns_suffix_list": null,
                    "ipv4_gateway": "",
                    "ipv6_gateway": "",
                    "linux_options": [],
                    "network_interface": [
                      {
                        "dns_domain": "",
                        "dns_server_list": null,
                        "ipv4_address": "",
                        "ipv4_netmask": 24,
                        "ipv6_address": "",
                        "ipv6_netmask": 0
                      }
                    ],
                    "timeout": 10,
                    "windows_options": [
                      {
                        "admin_password": "12345",
                        "auto_logon": false,
                        "auto_logon_count": 1,
                        "computer_name": "Terra1-4",
                        "domain_admin_password": "",
                        "domain_admin_user": "",
                        "full_name": "Administrator",
                        "join_domain": "",
                        "organization_name": "Managed by Terraform",
                        "product_key": "",
                        "run_once_command_list": null,
                        "time_zone": 85,
                        "workgroup": ""
                      }
                    ],
                    "windows_sysprep_text": ""
                  }
                ],
                "linked_clone": false,
                "ovf_network_map": null,
                "ovf_storage_map": null,
                "template_uuid": "4218c53a-253d-e60b-ee11-69b1b7f4b342",
                "timeout": 30
              }
            ],
            "cpu_hot_add_enabled": null,
            "cpu_hot_remove_enabled": null,
            "cpu_limit": -1,
            "cpu_performance_counters_enabled": null,
            "cpu_reservation": null,
            "cpu_share_count": null,
            "cpu_share_level": "normal",
            "custom_attributes": null,
            "datacenter_id": null,
            "datastore_cluster_id": null,
            "datastore_id": "datastore-3588",
            "default_ip_address": null,
            "disk": [
              {
                "attach": false,
                "controller_type": "scsi",
                "datastore_id": "datastore-3588",
                "device_address": "scsi:0:0",
                "disk_mode": "persistent",
                "disk_sharing": "sharingNone",
                "eagerly_scrub": false,
                "io_limit": -1,
                "io_reservation": 0,
                "io_share_count": 1000,
                "io_share_level": "normal",
                "keep_on_remove": false,
                "key": 2000,
                "label": "Terra1.vmdk",
                "path": "Terra1-4/Terra1-4.vmdk",
                "size": 100,
                "storage_policy_id": "",
                "thin_provisioned": false,
                "unit_number": 0,
                "uuid": "6000C294-e7dc-a2b4-57ab-570d65f3bafa",
                "write_through": false
              }
            ],
            "efi_secure_boot_enabled": null,
            "enable_disk_uuid": null,
            "enable_logging": null,
            "ept_rvi_mode": "automatic",
            "extra_config": null,
            "firmware": "efi",
            "folder": null,
            "force_power_off": true,
            "guest_id": "windows9Server64Guest",
            "guest_ip_addresses": null,
            "hardware_version": null,
            "host_system_id": null,
            "hv_mode": "hvAuto",
            "id": "4218e0c7-9ac0-8bea-0fe4-65aeaa2bde88",
            "ide_controller_count": 2,
            "ignored_guest_ips": null,
            "imported": null,
            "latency_sensitivity": "normal",
            "memory": 4096,
            "memory_hot_add_enabled": null,
            "memory_limit": -1,
            "memory_reservation": null,
            "memory_share_count": null,
            "memory_share_level": "normal",
            "migrate_wait_timeout": 30,
            "moid": null,
            "name": "Terra1-4",
            "nested_hv_enabled": null,
            "network_interface": [
              {
                "adapter_type": "e1000",
                "bandwidth_limit": -1,
                "bandwidth_reservation": 0,
                "bandwidth_share_count": 0,
                "bandwidth_share_level": "normal",
                "device_address": "pci:0:7",
                "key": 4000,
                "mac_address": "",
                "network_id": "network-3589",
                "ovf_mapping": "",
                "use_static_mac": false
              }
            ],
            "num_cores_per_socket": 1,
            "num_cpus": 4,
            "ovf_deploy": [],
            "pci_device_id": null,
            "poweron_timeout": 300,
            "reboot_required": true,
            "replace_trigger": null,
            "resource_pool_id": "resgroup-3586",
            "run_tools_scripts_after_power_on": true,
            "run_tools_scripts_after_resume": true,
            "run_tools_scripts_before_guest_reboot": null,
            "run_tools_scripts_before_guest_shutdown": true,
            "run_tools_scripts_before_guest_standby": true,
            "sata_controller_count": 0,
            "scsi_bus_sharing": "noSharing",
            "scsi_controller_count": 1,
            "scsi_type": "lsilogic-sas",
            "shutdown_wait_timeout": 3,
            "storage_policy_id": null,
            "swap_placement_policy": "inherit",
            "sync_time_with_host": null,
            "sync_time_with_host_periodically": null,
            "tags": null,
            "uuid": null,
            "vapp": [],
            "vapp_transport": null,
            "vbs_enabled": null,
            "vmware_tools_status": null,
            "vmx_path": null,
            "vvtd_enabled": null,
            "wait_for_guest_ip_timeout": 0,
            "wait_for_guest_net_routable": true,
            "wait_for_guest_net_timeout": 5
          },
          "sensitive_attributes": [],
          "private": "eyJzY2hlbWFfdmVyc2lvbiI6IjMifQ==",
          "dependencies": [
            "data.vsphere_datastore.datastore",
            "data.vsphere_network.network",
            "data.vsphere_resource_pool.pool",
            "data.vsphere_virtual_machine.template"
          ]
        },
        {
          "index_key": 4,
          "status": "tainted",
          "schema_version": 3,
          "attributes": {
            "alternate_guest_name": null,
            "annotation": null,
            "boot_delay": null,
            "boot_retry_delay": 10000,
            "boot_retry_enabled": null,
            "cdrom": [],
            "change_version": null,
            "clone": [
              {
                "customize": [
                  {
                    "dns_server_list": null,
                    "dns_suffix_list": null,
                    "ipv4_gateway": "",
                    "ipv6_gateway": "",
                    "linux_options": [],
                    "network_interface": [
                      {
                        "dns_domain": "",
                        "dns_server_list": null,
                        "ipv4_address": "",
                        "ipv4_netmask": 24,
                        "ipv6_address": "",
                        "ipv6_netmask": 0
                      }
                    ],
                    "timeout": 10,
                    "windows_options": [
                      {
                        "admin_password": "12345",
                        "auto_logon": false,
                        "auto_logon_count": 1,
                        "computer_name": "Terra1-5",
                        "domain_admin_password": "",
                        "domain_admin_user": "",
                        "full_name": "Administrator",
                        "join_domain": "",
                        "organization_name": "Managed by Terraform",
                        "product_key": "",
                        "run_once_command_list": null,
                        "time_zone": 85,
                        "workgroup": ""
                      }
                    ],
                    "windows_sysprep_text": ""
                  }
                ],
                "linked_clone": false,
                "ovf_network_map": null,
                "ovf_storage_map": null,
                "template_uuid": "4218c53a-253d-e60b-ee11-69b1b7f4b342",
                "timeout": 30
              }
            ],
            "cpu_hot_add_enabled": null,
            "cpu_hot_remove_enabled": null,
            "cpu_limit": -1,
            "cpu_performance_counters_enabled": null,
            "cpu_reservation": null,
            "cpu_share_count": null,
            "cpu_share_level": "normal",
            "custom_attributes": null,
            "datacenter_id": null,
            "datastore_cluster_id": null,
            "datastore_id": "datastore-3588",
            "default_ip_address": null,
            "disk": [
              {
                "attach": false,
                "controller_type": "scsi",
                "datastore_id": "datastore-3588",
                "device_address": "scsi:0:0",
                "disk_mode": "persistent",
                "disk_sharing": "sharingNone",
                "eagerly_scrub": false,
                "io_limit": -1,
                "io_reservation": 0,
                "io_share_count": 1000,
                "io_share_level": "normal",
                "keep_on_remove": false,
                "key": 2000,
                "label": "Terra1.vmdk",
                "path": "Terra1-5/Terra1-5.vmdk",
                "size": 100,
                "storage_policy_id": "",
                "thin_provisioned": false,
                "unit_number": 0,
                "uuid": "6000C295-086e-63b0-93fe-731610fdbecb",
                "write_through": false
              }
            ],
            "efi_secure_boot_enabled": null,
            "enable_disk_uuid": null,
            "enable_logging": null,
            "ept_rvi_mode": "automatic",
            "extra_config": null,
            "firmware": "efi",
            "folder": null,
            "force_power_off": true,
            "guest_id": "windows9Server64Guest",
            "guest_ip_addresses": null,
            "hardware_version": null,
            "host_system_id": null,
            "hv_mode": "hvAuto",
            "id": "4218f2d1-cae9-9ae5-998a-7a6cc307ceed",
            "ide_controller_count": 2,
            "ignored_guest_ips": null,
            "imported": null,
            "latency_sensitivity": "normal",
            "memory": 4096,
            "memory_hot_add_enabled": null,
            "memory_limit": -1,
            "memory_reservation": null,
            "memory_share_count": null,
            "memory_share_level": "normal",
            "migrate_wait_timeout": 30,
            "moid": null,
            "name": "Terra1-5",
            "nested_hv_enabled": null,
            "network_interface": [
              {
                "adapter_type": "e1000",
                "bandwidth_limit": -1,
                "bandwidth_reservation": 0,
                "bandwidth_share_count": 0,
                "bandwidth_share_level": "normal",
                "device_address": "pci:0:7",
                "key": 4000,
                "mac_address": "",
                "network_id": "network-3589",
                "ovf_mapping": "",
                "use_static_mac": false
              }
            ],
            "num_cores_per_socket": 1,
            "num_cpus": 4,
            "ovf_deploy": [],
            "pci_device_id": null,
            "poweron_timeout": 300,
            "reboot_required": true,
            "replace_trigger": null,
            "resource_pool_id": "resgroup-3586",
            "run_tools_scripts_after_power_on": true,
            "run_tools_scripts_after_resume": true,
            "run_tools_scripts_before_guest_reboot": null,
            "run_tools_scripts_before_guest_shutdown": true,
            "run_tools_scripts_before_guest_standby": true,
            "sata_controller_count": 0,
            "scsi_bus_sharing": "noSharing",
            "scsi_controller_count": 1,
            "scsi_type": "lsilogic-sas",
            "shutdown_wait_timeout": 3,
            "storage_policy_id": null,
            "swap_placement_policy": "inherit",
            "sync_time_with_host": null,
            "sync_time_with_host_periodically": null,
            "tags": null,
            "uuid": null,
            "vapp": [],
            "vapp_transport": null,
            "vbs_enabled": null,
            "vmware_tools_status": null,
            "vmx_path": null,
            "vvtd_enabled": null,
            "wait_for_guest_ip_timeout": 0,
            "wait_for_guest_net_routable": true,
            "wait_for_guest_net_timeout": 5
          },
          "sensitive_attributes": [],
          "private": "eyJzY2hlbWFfdmVyc2lvbiI6IjMifQ==",
          "dependencies": [
            "data.vsphere_datastore.datastore",
            "data.vsphere_network.network",
            "data.vsphere_resource_pool.pool",
            "data.vsphere_virtual_machine.template"
          ]
        },
        {
          "index_key": 5,
          "status": "tainted",
          "schema_version": 3,
          "attributes": {
            "alternate_guest_name": null,
            "annotation": null,
            "boot_delay": null,
            "boot_retry_delay": 10000,
            "boot_retry_enabled": null,
            "cdrom": [],
            "change_version": null,
            "clone": [
              {
                "customize": [
                  {
                    "dns_server_list": null,
                    "dns_suffix_list": null,
                    "ipv4_gateway": "",
                    "ipv6_gateway": "",
                    "linux_options": [],
                    "network_interface": [
                      {
                        "dns_domain": "",
                        "dns_server_list": null,
                        "ipv4_address": "",
                        "ipv4_netmask": 24,
                        "ipv6_address": "",
                        "ipv6_netmask": 0
                      }
                    ],
                    "timeout": 10,
                    "windows_options": [
                      {
                        "admin_password": "12345",
                        "auto_logon": false,
                        "auto_logon_count": 1,
                        "computer_name": "Terra1-6",
                        "domain_admin_password": "",
                        "domain_admin_user": "",
                        "full_name": "Administrator",
                        "join_domain": "",
                        "organization_name": "Managed by Terraform",
                        "product_key": "",
                        "run_once_command_list": null,
                        "time_zone": 85,
                        "workgroup": ""
                      }
                    ],
                    "windows_sysprep_text": ""
                  }
                ],
                "linked_clone": false,
                "ovf_network_map": null,
                "ovf_storage_map": null,
                "template_uuid": "4218c53a-253d-e60b-ee11-69b1b7f4b342",
                "timeout": 30
              }
            ],
            "cpu_hot_add_enabled": null,
            "cpu_hot_remove_enabled": null,
            "cpu_limit": -1,
            "cpu_performance_counters_enabled": null,
            "cpu_reservation": null,
            "cpu_share_count": null,
            "cpu_share_level": "normal",
            "custom_attributes": null,
            "datacenter_id": null,
            "datastore_cluster_id": null,
            "datastore_id": "datastore-3588",
            "default_ip_address": null,
            "disk": [
              {
                "attach": false,
                "controller_type": "scsi",
                "datastore_id": "datastore-3588",
                "device_address": "scsi:0:0",
                "disk_mode": "persistent",
                "disk_sharing": "sharingNone",
                "eagerly_scrub": false,
                "io_limit": -1,
                "io_reservation": 0,
                "io_share_count": 1000,
                "io_share_level": "normal",
                "keep_on_remove": false,
                "key": 2000,
                "label": "Terra1.vmdk",
                "path": "Terra1-6/Terra1-6.vmdk",
                "size": 100,
                "storage_policy_id": "",
                "thin_provisioned": false,
                "unit_number": 0,
                "uuid": "6000C29e-b874-98b8-ca9d-79c7e035cc4f",
                "write_through": false
              }
            ],
            "efi_secure_boot_enabled": null,
            "enable_disk_uuid": null,
            "enable_logging": null,
            "ept_rvi_mode": "automatic",
            "extra_config": null,
            "firmware": "efi",
            "folder": null,
            "force_power_off": true,
            "guest_id": "windows9Server64Guest",
            "guest_ip_addresses": null,
            "hardware_version": null,
            "host_system_id": null,
            "hv_mode": "hvAuto",
            "id": "4218ffe3-287d-9317-e254-9b4248d3e405",
            "ide_controller_count": 2,
            "ignored_guest_ips": null,
            "imported": null,
            "latency_sensitivity": "normal",
            "memory": 4096,
            "memory_hot_add_enabled": null,
            "memory_limit": -1,
            "memory_reservation": null,
            "memory_share_count": null,
            "memory_share_level": "normal",
            "migrate_wait_timeout": 30,
            "moid": null,
            "name": "Terra1-6",
            "nested_hv_enabled": null,
            "network_interface": [
              {
                "adapter_type": "e1000",
                "bandwidth_limit": -1,
                "bandwidth_reservation": 0,
                "bandwidth_share_count": 0,
                "bandwidth_share_level": "normal",
                "device_address": "pci:0:7",
                "key": 4000,
                "mac_address": "",
                "network_id": "network-3589",
                "ovf_mapping": "",
                "use_static_mac": false
              }
            ],
            "num_cores_per_socket": 1,
            "num_cpus": 4,
            "ovf_deploy": [],
            "pci_device_id": null,
            "poweron_timeout": 300,
            "reboot_required": true,
            "replace_trigger": null,
            "resource_pool_id": "resgroup-3586",
            "run_tools_scripts_after_power_on": true,
            "run_tools_scripts_after_resume": true,
            "run_tools_scripts_before_guest_reboot": null,
            "run_tools_scripts_before_guest_shutdown": true,
            "run_tools_scripts_before_guest_standby": true,
            "sata_controller_count": 0,
            "scsi_bus_sharing": "noSharing",
            "scsi_controller_count": 1,
            "scsi_type": "lsilogic-sas",
            "shutdown_wait_timeout": 3,
            "storage_policy_id": null,
            "swap_placement_policy": "inherit",
            "sync_time_with_host": null,
            "sync_time_with_host_periodically": null,
            "tags": null,
            "uuid": null,
            "vapp": [],
            "vapp_transport": null,
            "vbs_enabled": null,
            "vmware_tools_status": null,
            "vmx_path": null,
            "vvtd_enabled": null,
            "wait_for_guest_ip_timeout": 0,
            "wait_for_guest_net_routable": true,
            "wait_for_guest_net_timeout": 5
          },
          "sensitive_attributes": [],
          "private": "eyJzY2hlbWFfdmVyc2lvbiI6IjMifQ==",
          "dependencies": [
            "data.vsphere_datastore.datastore",
            "data.vsphere_network.network",
            "data.vsphere_resource_pool.pool",
            "data.vsphere_virtual_machine.template"
          ]
        },
        {
          "index_key": 6,
          "status": "tainted",
          "schema_version": 3,
          "attributes": {
            "alternate_guest_name": null,
            "annotation": null,
            "boot_delay": null,
            "boot_retry_delay": 10000,
            "boot_retry_enabled": null,
            "cdrom": [],
            "change_version": null,
            "clone": [
              {
                "customize": [
                  {
                    "dns_server_list": null,
                    "dns_suffix_list": null,
                    "ipv4_gateway": "",
                    "ipv6_gateway": "",
                    "linux_options": [],
                    "network_interface": [
                      {
                        "dns_domain": "",
                        "dns_server_list": null,
                        "ipv4_address": "",
                        "ipv4_netmask": 24,
                        "ipv6_address": "",
                        "ipv6_netmask": 0
                      }
                    ],
                    "timeout": 10,
                    "windows_options": [
                      {
                        "admin_password": "12345",
                        "auto_logon": false,
                        "auto_logon_count": 1,
                        "computer_name": "Terra1-7",
                        "domain_admin_password": "",
                        "domain_admin_user": "",
                        "full_name": "Administrator",
                        "join_domain": "",
                        "organization_name": "Managed by Terraform",
                        "product_key": "",
                        "run_once_command_list": null,
                        "time_zone": 85,
                        "workgroup": ""
                      }
                    ],
                    "windows_sysprep_text": ""
                  }
                ],
                "linked_clone": false,
                "ovf_network_map": null,
                "ovf_storage_map": null,
                "template_uuid": "4218c53a-253d-e60b-ee11-69b1b7f4b342",
                "timeout": 30
              }
            ],
            "cpu_hot_add_enabled": null,
            "cpu_hot_remove_enabled": null,
            "cpu_limit": -1,
            "cpu_performance_counters_enabled": null,
            "cpu_reservation": null,
            "cpu_share_count": null,
            "cpu_share_level": "normal",
            "custom_attributes": null,
            "datacenter_id": null,
            "datastore_cluster_id": null,
            "datastore_id": "datastore-3588",
            "default_ip_address": null,
            "disk": [
              {
                "attach": false,
                "controller_type": "scsi",
                "datastore_id": "datastore-3588",
                "device_address": "scsi:0:0",
                "disk_mode": "persistent",
                "disk_sharing": "sharingNone",
                "eagerly_scrub": false,
                "io_limit": -1,
                "io_reservation": 0,
                "io_share_count": 1000,
                "io_share_level": "normal",
                "keep_on_remove": false,
                "key": 2000,
                "label": "Terra1.vmdk",
                "path": "Terra1-7/Terra1-7.vmdk",
                "size": 100,
                "storage_policy_id": "",
                "thin_provisioned": false,
                "unit_number": 0,
                "uuid": "6000C29a-0a99-8a38-8b4f-f9b32d0a291f",
                "write_through": false
              }
            ],
            "efi_secure_boot_enabled": null,
            "enable_disk_uuid": null,
            "enable_logging": null,
            "ept_rvi_mode": "automatic",
            "extra_config": null,
            "firmware": "efi",
            "folder": null,
            "force_power_off": true,
            "guest_id": "windows9Server64Guest",
            "guest_ip_addresses": null,
            "hardware_version": null,
            "host_system_id": null,
            "hv_mode": "hvAuto",
            "id": "4218916e-5065-7f1e-22a2-8bb7359f8ee1",
            "ide_controller_count": 2,
            "ignored_guest_ips": null,
            "imported": null,
            "latency_sensitivity": "normal",
            "memory": 4096,
            "memory_hot_add_enabled": null,
            "memory_limit": -1,
            "memory_reservation": null,
            "memory_share_count": null,
            "memory_share_level": "normal",
            "migrate_wait_timeout": 30,
            "moid": null,
            "name": "Terra1-7",
            "nested_hv_enabled": null,
            "network_interface": [
              {
                "adapter_type": "e1000",
                "bandwidth_limit": -1,
                "bandwidth_reservation": 0,
                "bandwidth_share_count": 0,
                "bandwidth_share_level": "normal",
                "device_address": "pci:0:7",
                "key": 4000,
                "mac_address": "",
                "network_id": "network-3589",
                "ovf_mapping": "",
                "use_static_mac": false
              }
            ],
            "num_cores_per_socket": 1,
            "num_cpus": 4,
            "ovf_deploy": [],
            "pci_device_id": null,
            "poweron_timeout": 300,
            "reboot_required": true,
            "replace_trigger": null,
            "resource_pool_id": "resgroup-3586",
            "run_tools_scripts_after_power_on": true,
            "run_tools_scripts_after_resume": true,
            "run_tools_scripts_before_guest_reboot": null,
            "run_tools_scripts_before_guest_shutdown": true,
            "run_tools_scripts_before_guest_standby": true,
            "sata_controller_count": 0,
            "scsi_bus_sharing": "noSharing",
            "scsi_controller_count": 1,
            "scsi_type": "lsilogic-sas",
            "shutdown_wait_timeout": 3,
            "storage_policy_id": null,
            "swap_placement_policy": "inherit",
            "sync_time_with_host": null,
            "sync_time_with_host_periodically": null,
            "tags": null,
            "uuid": null,
            "vapp": [],
            "vapp_transport": null,
            "vbs_enabled": null,
            "vmware_tools_status": null,
            "vmx_path": null,
            "vvtd_enabled": null,
            "wait_for_guest_ip_timeout": 0,
            "wait_for_guest_net_routable": true,
            "wait_for_guest_net_timeout": 5
          },
          "sensitive_attributes": [],
          "private": "eyJzY2hlbWFfdmVyc2lvbiI6IjMifQ==",
          "dependencies": [
            "data.vsphere_datastore.datastore",
            "data.vsphere_network.network",
            "data.vsphere_resource_pool.pool",
            "data.vsphere_virtual_machine.template"
          ]
        },
        {
          "index_key": 7,
          "status": "tainted",
          "schema_version": 3,
          "attributes": {
            "alternate_guest_name": null,
            "annotation": null,
            "boot_delay": null,
            "boot_retry_delay": 10000,
            "boot_retry_enabled": null,
            "cdrom": [],
            "change_version": null,
            "clone": [
              {
                "customize": [
                  {
                    "dns_server_list": null,
                    "dns_suffix_list": null,
                    "ipv4_gateway": "",
                    "ipv6_gateway": "",
                    "linux_options": [],
                    "network_interface": [
                      {
                        "dns_domain": "",
                        "dns_server_list": null,
                        "ipv4_address": "",
                        "ipv4_netmask": 24,
                        "ipv6_address": "",
                        "ipv6_netmask": 0
                      }
                    ],
                    "timeout": 10,
                    "windows_options": [
                      {
                        "admin_password": "12345",
                        "auto_logon": false,
                        "auto_logon_count": 1,
                        "computer_name": "Terra1-8",
                        "domain_admin_password": "",
                        "domain_admin_user": "",
                        "full_name": "Administrator",
                        "join_domain": "",
                        "organization_name": "Managed by Terraform",
                        "product_key": "",
                        "run_once_command_list": null,
                        "time_zone": 85,
                        "workgroup": ""
                      }
                    ],
                    "windows_sysprep_text": ""
                  }
                ],
                "linked_clone": false,
                "ovf_network_map": null,
                "ovf_storage_map": null,
                "template_uuid": "4218c53a-253d-e60b-ee11-69b1b7f4b342",
                "timeout": 30
              }
            ],
            "cpu_hot_add_enabled": null,
            "cpu_hot_remove_enabled": null,
            "cpu_limit": -1,
            "cpu_performance_counters_enabled": null,
            "cpu_reservation": null,
            "cpu_share_count": null,
            "cpu_share_level": "normal",
            "custom_attributes": null,
            "datacenter_id": null,
            "datastore_cluster_id": null,
            "datastore_id": "datastore-3588",
            "default_ip_address": null,
            "disk": [
              {
                "attach": false,
                "controller_type": "scsi",
                "datastore_id": "datastore-3588",
                "device_address": "scsi:0:0",
                "disk_mode": "persistent",
                "disk_sharing": "sharingNone",
                "eagerly_scrub": false,
                "io_limit": -1,
                "io_reservation": 0,
                "io_share_count": 1000,
                "io_share_level": "normal",
                "keep_on_remove": false,
                "key": 2000,
                "label": "Terra1.vmdk",
                "path": "Terra1-8/Terra1-8.vmdk",
                "size": 100,
                "storage_policy_id": "",
                "thin_provisioned": false,
                "unit_number": 0,
                "uuid": "6000C292-9655-2536-c856-de384d604932",
                "write_through": false
              }
            ],
            "efi_secure_boot_enabled": null,
            "enable_disk_uuid": null,
            "enable_logging": null,
            "ept_rvi_mode": "automatic",
            "extra_config": null,
            "firmware": "efi",
            "folder": null,
            "force_power_off": true,
            "guest_id": "windows9Server64Guest",
            "guest_ip_addresses": null,
            "hardware_version": null,
            "host_system_id": null,
            "hv_mode": "hvAuto",
            "id": "42189d6f-68d8-91b8-ff0d-58172d5446d7",
            "ide_controller_count": 2,
            "ignored_guest_ips": null,
            "imported": null,
            "latency_sensitivity": "normal",
            "memory": 4096,
            "memory_hot_add_enabled": null,
            "memory_limit": -1,
            "memory_reservation": null,
            "memory_share_count": null,
            "memory_share_level": "normal",
            "migrate_wait_timeout": 30,
            "moid": null,
            "name": "Terra1-8",
            "nested_hv_enabled": null,
            "network_interface": [
              {
                "adapter_type": "e1000",
                "bandwidth_limit": -1,
                "bandwidth_reservation": 0,
                "bandwidth_share_count": 0,
                "bandwidth_share_level": "normal",
                "device_address": "pci:0:7",
                "key": 4000,
                "mac_address": "",
                "network_id": "network-3589",
                "ovf_mapping": "",
                "use_static_mac": false
              }
            ],
            "num_cores_per_socket": 1,
            "num_cpus": 4,
            "ovf_deploy": [],
            "pci_device_id": null,
            "poweron_timeout": 300,
            "reboot_required": true,
            "replace_trigger": null,
            "resource_pool_id": "resgroup-3586",
            "run_tools_scripts_after_power_on": true,
            "run_tools_scripts_after_resume": true,
            "run_tools_scripts_before_guest_reboot": null,
            "run_tools_scripts_before_guest_shutdown": true,
            "run_tools_scripts_before_guest_standby": true,
            "sata_controller_count": 0,
            "scsi_bus_sharing": "noSharing",
            "scsi_controller_count": 1,
            "scsi_type": "lsilogic-sas",
            "shutdown_wait_timeout": 3,
            "storage_policy_id": null,
            "swap_placement_policy": "inherit",
            "sync_time_with_host": null,
            "sync_time_with_host_periodically": null,
            "tags": null,
            "uuid": null,
            "vapp": [],
            "vapp_transport": null,
            "vbs_enabled": null,
            "vmware_tools_status": null,
            "vmx_path": null,
            "vvtd_enabled": null,
            "wait_for_guest_ip_timeout": 0,
            "wait_for_guest_net_routable": true,
            "wait_for_guest_net_timeout": 5
          },
          "sensitive_attributes": [],
          "private": "eyJzY2hlbWFfdmVyc2lvbiI6IjMifQ==",
          "dependencies": [
            "data.vsphere_datastore.datastore",
            "data.vsphere_network.network",
            "data.vsphere_resource_pool.pool",
            "data.vsphere_virtual_machine.template"
          ]
        },
        {
          "index_key": 8,
          "status": "tainted",
          "schema_version": 3,
          "attributes": {
            "alternate_guest_name": null,
            "annotation": null,
            "boot_delay": null,
            "boot_retry_delay": 10000,
            "boot_retry_enabled": null,
            "cdrom": [],
            "change_version": null,
            "clone": [
              {
                "customize": [
                  {
                    "dns_server_list": null,
                    "dns_suffix_list": null,
                    "ipv4_gateway": "",
                    "ipv6_gateway": "",
                    "linux_options": [],
                    "network_interface": [
                      {
                        "dns_domain": "",
                        "dns_server_list": null,
                        "ipv4_address": "",
                        "ipv4_netmask": 24,
                        "ipv6_address": "",
                        "ipv6_netmask": 0
                      }
                    ],
                    "timeout": 10,
                    "windows_options": [
                      {
                        "admin_password": "12345",
                        "auto_logon": false,
                        "auto_logon_count": 1,
                        "computer_name": "Terra1-9",
                        "domain_admin_password": "",
                        "domain_admin_user": "",
                        "full_name": "Administrator",
                        "join_domain": "",
                        "organization_name": "Managed by Terraform",
                        "product_key": "",
                        "run_once_command_list": null,
                        "time_zone": 85,
                        "workgroup": ""
                      }
                    ],
                    "windows_sysprep_text": ""
                  }
                ],
                "linked_clone": false,
                "ovf_network_map": null,
                "ovf_storage_map": null,
                "template_uuid": "4218c53a-253d-e60b-ee11-69b1b7f4b342",
                "timeout": 30
              }
            ],
            "cpu_hot_add_enabled": null,
            "cpu_hot_remove_enabled": null,
            "cpu_limit": -1,
            "cpu_performance_counters_enabled": null,
            "cpu_reservation": null,
            "cpu_share_count": null,
            "cpu_share_level": "normal",
            "custom_attributes": null,
            "datacenter_id": null,
            "datastore_cluster_id": null,
            "datastore_id": "datastore-3588",
            "default_ip_address": null,
            "disk": [
              {
                "attach": false,
                "controller_type": "scsi",
                "datastore_id": "datastore-3588",
                "device_address": "scsi:0:0",
                "disk_mode": "persistent",
                "disk_sharing": "sharingNone",
                "eagerly_scrub": false,
                "io_limit": -1,
                "io_reservation": 0,
                "io_share_count": 1000,
                "io_share_level": "normal",
                "keep_on_remove": false,
                "key": 2000,
                "label": "Terra1.vmdk",
                "path": "Terra1-9/Terra1-9.vmdk",
                "size": 100,
                "storage_policy_id": "",
                "thin_provisioned": false,
                "unit_number": 0,
                "uuid": "6000C297-5205-cc77-9feb-27cad39ff607",
                "write_through": false
              }
            ],
            "efi_secure_boot_enabled": null,
            "enable_disk_uuid": null,
            "enable_logging": null,
            "ept_rvi_mode": "automatic",
            "extra_config": null,
            "firmware": "efi",
            "folder": null,
            "force_power_off": true,
            "guest_id": "windows9Server64Guest",
            "guest_ip_addresses": null,
            "hardware_version": null,
            "host_system_id": null,
            "hv_mode": "hvAuto",
            "id": "4218651a-c506-9d8c-98f6-577eb23173c6",
            "ide_controller_count": 2,
            "ignored_guest_ips": null,
            "imported": null,
            "latency_sensitivity": "normal",
            "memory": 4096,
            "memory_hot_add_enabled": null,
            "memory_limit": -1,
            "memory_reservation": null,
            "memory_share_count": null,
            "memory_share_level": "normal",
            "migrate_wait_timeout": 30,
            "moid": null,
            "name": "Terra1-9",
            "nested_hv_enabled": null,
            "network_interface": [
              {
                "adapter_type": "e1000",
                "bandwidth_limit": -1,
                "bandwidth_reservation": 0,
                "bandwidth_share_count": 0,
                "bandwidth_share_level": "normal",
                "device_address": "pci:0:7",
                "key": 4000,
                "mac_address": "",
                "network_id": "network-3589",
                "ovf_mapping": "",
                "use_static_mac": false
              }
            ],
            "num_cores_per_socket": 1,
            "num_cpus": 4,
            "ovf_deploy": [],
            "pci_device_id": null,
            "poweron_timeout": 300,
            "reboot_required": true,
            "replace_trigger": null,
            "resource_pool_id": "resgroup-3586",
            "run_tools_scripts_after_power_on": true,
            "run_tools_scripts_after_resume": true,
            "run_tools_scripts_before_guest_reboot": null,
            "run_tools_scripts_before_guest_shutdown": true,
            "run_tools_scripts_before_guest_standby": true,
            "sata_controller_count": 0,
            "scsi_bus_sharing": "noSharing",
            "scsi_controller_count": 1,
            "scsi_type": "lsilogic-sas",
            "shutdown_wait_timeout": 3,
            "storage_policy_id": null,
            "swap_placement_policy": "inherit",
            "sync_time_with_host": null,
            "sync_time_with_host_periodically": null,
            "tags": null,
            "uuid": null,
            "vapp": [],
            "vapp_transport": null,
            "vbs_enabled": null,
            "vmware_tools_status": null,
            "vmx_path": null,
            "vvtd_enabled": null,
            "wait_for_guest_ip_timeout": 0,
            "wait_for_guest_net_routable": true,
            "wait_for_guest_net_timeout": 5
          },
          "sensitive_attributes": [],
          "private": "eyJzY2hlbWFfdmVyc2lvbiI6IjMifQ==",
          "dependencies": [
            "data.vsphere_datastore.datastore",
            "data.vsphere_network.network",
            "data.vsphere_resource_pool.pool",
            "data.vsphere_virtual_machine.template"
          ]
        },
        {
          "index_key": 9,
          "status": "tainted",
          "schema_version": 3,
          "attributes": {
            "alternate_guest_name": null,
            "annotation": null,
            "boot_delay": null,
            "boot_retry_delay": 10000,
            "boot_retry_enabled": null,
            "cdrom": [],
            "change_version": null,
            "clone": [
              {
                "customize": [
                  {
                    "dns_server_list": null,
                    "dns_suffix_list": null,
                    "ipv4_gateway": "",
                    "ipv6_gateway": "",
                    "linux_options": [],
                    "network_interface": [
                      {
                        "dns_domain": "",
                        "dns_server_list": null,
                        "ipv4_address": "",
                        "ipv4_netmask": 24,
                        "ipv6_address": "",
                        "ipv6_netmask": 0
                      }
                    ],
                    "timeout": 10,
                    "windows_options": [
                      {
                        "admin_password": "12345",
                        "auto_logon": false,
                        "auto_logon_count": 1,
                        "computer_name": "Terra1-10",
                        "domain_admin_password": "",
                        "domain_admin_user": "",
                        "full_name": "Administrator",
                        "join_domain": "",
                        "organization_name": "Managed by Terraform",
                        "product_key": "",
                        "run_once_command_list": null,
                        "time_zone": 85,
                        "workgroup": ""
                      }
                    ],
                    "windows_sysprep_text": ""
                  }
                ],
                "linked_clone": false,
                "ovf_network_map": null,
                "ovf_storage_map": null,
                "template_uuid": "4218c53a-253d-e60b-ee11-69b1b7f4b342",
                "timeout": 30
              }
            ],
            "cpu_hot_add_enabled": null,
            "cpu_hot_remove_enabled": null,
            "cpu_limit": -1,
            "cpu_performance_counters_enabled": null,
            "cpu_reservation": null,
            "cpu_share_count": null,
            "cpu_share_level": "normal",
            "custom_attributes": null,
            "datacenter_id": null,
            "datastore_cluster_id": null,
            "datastore_id": "datastore-3588",
            "default_ip_address": null,
            "disk": [
              {
                "attach": false,
                "controller_type": "scsi",
                "datastore_id": "datastore-3588",
                "device_address": "scsi:0:0",
                "disk_mode": "persistent",
                "disk_sharing": "sharingNone",
                "eagerly_scrub": false,
                "io_limit": -1,
                "io_reservation": 0,
                "io_share_count": 1000,
                "io_share_level": "normal",
                "keep_on_remove": false,
                "key": 2000,
                "label": "Terra1.vmdk",
                "path": "Terra1-10/Terra1-10.vmdk",
                "size": 100,
                "storage_policy_id": "",
                "thin_provisioned": false,
                "unit_number": 0,
                "uuid": "6000C29b-2635-9325-5d03-170196baa540",
                "write_through": false
              }
            ],
            "efi_secure_boot_enabled": null,
            "enable_disk_uuid": null,
            "enable_logging": null,
            "ept_rvi_mode": "automatic",
            "extra_config": null,
            "firmware": "efi",
            "folder": null,
            "force_power_off": true,
            "guest_id": "windows9Server64Guest",
            "guest_ip_addresses": null,
            "hardware_version": null,
            "host_system_id": null,
            "hv_mode": "hvAuto",
            "id": "42186006-7f97-911d-1c08-6396eac26760",
            "ide_controller_count": 2,
            "ignored_guest_ips": null,
            "imported": null,
            "latency_sensitivity": "normal",
            "memory": 4096,
            "memory_hot_add_enabled": null,
            "memory_limit": -1,
            "memory_reservation": null,
            "memory_share_count": null,
            "memory_share_level": "normal",
            "migrate_wait_timeout": 30,
            "moid": null,
            "name": "Terra1-10",
            "nested_hv_enabled": null,
            "network_interface": [
              {
                "adapter_type": "e1000",
                "bandwidth_limit": -1,
                "bandwidth_reservation": 0,
                "bandwidth_share_count": 0,
                "bandwidth_share_level": "normal",
                "device_address": "pci:0:7",
                "key": 4000,
                "mac_address": "",
                "network_id": "network-3589",
                "ovf_mapping": "",
                "use_static_mac": false
              }
            ],
            "num_cores_per_socket": 1,
            "num_cpus": 4,
            "ovf_deploy": [],
            "pci_device_id": null,
            "poweron_timeout": 300,
            "reboot_required": true,
            "replace_trigger": null,
            "resource_pool_id": "resgroup-3586",
            "run_tools_scripts_after_power_on": true,
            "run_tools_scripts_after_resume": true,
            "run_tools_scripts_before_guest_reboot": null,
            "run_tools_scripts_before_guest_shutdown": true,
            "run_tools_scripts_before_guest_standby": true,
            "sata_controller_count": 0,
            "scsi_bus_sharing": "noSharing",
            "scsi_controller_count": 1,
            "scsi_type": "lsilogic-sas",
            "shutdown_wait_timeout": 3,
            "storage_policy_id": null,
            "swap_placement_policy": "inherit",
            "sync_time_with_host": null,
            "sync_time_with_host_periodically": null,
            "tags": null,
            "uuid": null,
            "vapp": [],
            "vapp_transport": null,
            "vbs_enabled": null,
            "vmware_tools_status": null,
            "vmx_path": null,
            "vvtd_enabled": null,
            "wait_for_guest_ip_timeout": 0,
            "wait_for_guest_net_routable": true,
            "wait_for_guest_net_timeout": 5
          },
          "sensitive_attributes": [],
          "private": "eyJzY2hlbWFfdmVyc2lvbiI6IjMifQ==",
          "dependencies": [
            "data.vsphere_datastore.datastore",
            "data.vsphere_network.network",
            "data.vsphere_resource_pool.pool",
            "data.vsphere_virtual_machine.template"
          ]
        }
      ]
    }
  ]
}
